
Microsoft Visual Studio Solution File, Format Version 12.00
# Visual Studio Version 16
VisualStudioVersion = 16.0.32126.315
MinimumVisualStudioVersion = 10.0.40219.1
Project("{FAE04EC0-301F-11D3-BF4B-00C04F79EFBC}") = "MediaApi", "MediaApi.csproj", "{13A63EFD-5C00-424C-BB1E-5B026EF3B46D}"
EndProject
Global
	GlobalSection(SolutionConfigurationPlatforms) = preSolution
		Debug|Any CPU = Debug|Any CPU
		Release|Any CPU = Release|Any CPU
	EndGlobalSection
	GlobalSection(ProjectConfigurationPlatforms) = postSolution
		{13A63EFD-5C00-424C-BB1E-5B026EF3B46D}.Debug|Any CPU.ActiveCfg = Debug|Any CPU
		{13A63EFD-5C00-424C-BB1E-5B026EF3B46D}.Debug|Any CPU.Build.0 = Debug|Any CPU
		{13A63EFD-5C00-424C-BB1E-5B026EF3B46D}.Release|Any CPU.ActiveCfg = Release|Any CPU
		{13A63EFD-5C00-424C-BB1E-5B026EF3B46D}.Release|Any CPU.Build.0 = Release|Any CPU
	EndGlobalSection
	GlobalSection(SolutionProperties) = preSolution
		HideSolutionNode = FALSE
	EndGlobalSection
	GlobalSection(ExtensibilityGlobals) = postSolution
		SolutionGuid = {137C9834-05A5-45D7-AE8E-72A727CE8B12}
	EndGlobalSection
EndGlobal
